
Microsoft Visual Studio Solution File, Format Version 12.00
# Visual Studio Version 16
VisualStudioVersion = 16.0.32228.343
MinimumVisualStudioVersion = 10.0.40219.1
Project("{FAE04EC0-301F-11D3-BF4B-00C04F79EFBC}") = "Jewelry workshop", "Jewelry workshop\Jewelry workshop.csproj", "{7B24BC87-5930-475C-9472-99486B7539B4}"
EndProject
Global
	GlobalSection(SolutionConfigurationPlatforms) = preSolution
		Debug|Any CPU = Debug|Any CPU
		Release|Any CPU = Release|Any CPU
	EndGlobalSection
	GlobalSection(ProjectConfigurationPlatforms) = postSolution
		{7B24BC87-5930-475C-9472-99486B7539B4}.Debug|Any CPU.ActiveCfg = Debug|Any CPU
		{7B24BC87-5930-475C-9472-99486B7539B4}.Debug|Any CPU.Build.0 = Debug|Any CPU
		{7B24BC87-5930-475C-9472-99486B7539B4}.Release|Any CPU.ActiveCfg = Release|Any CPU
		{7B24BC87-5930-475C-9472-99486B7539B4}.Release|Any CPU.Build.0 = Release|Any CPU
	EndGlobalSection
	GlobalSection(SolutionProperties) = preSolution
		HideSolutionNode = FALSE
	EndGlobalSection
	GlobalSection(ExtensibilityGlobals) = postSolution
		SolutionGuid = {A27FF1A0-3B86-4E63-9AF2-7FD8F06B69F5}
	EndGlobalSection
EndGlobal
